// !$*UTF8*$!
{
	archiveVersion = 1;
	classes = {
	};
	objectVersion = 46;
	objects = {

/* Begin PBXBuildFile section */
		47701EB51BE2AC4500FA3371 /* TextFieldCell.m in Sources */ = {isa = PBXBuildFile; fileRef = 47701EB41BE2AC4500FA3371 /* TextFieldCell.m */; };
		47701EBC1BE2B36500FA3371 /* BandBioCell.m in Sources */ = {isa = PBXBuildFile; fileRef = 47701EBB1BE2B36500FA3371 /* BandBioCell.m */; };
		47701EBF1BE2B49A00FA3371 /* InfoPhotoCell.m in Sources */ = {isa = PBXBuildFile; fileRef = 47701EBE1BE2B49A00FA3371 /* InfoPhotoCell.m */; };
		47701EC21BE2B4E300FA3371 /* InfoTextCell.m in Sources */ = {isa = PBXBuildFile; fileRef = 47701EC11BE2B4E300FA3371 /* InfoTextCell.m */; };
		47701EC51BE2B51600FA3371 /* InfoBandBioCell.m in Sources */ = {isa = PBXBuildFile; fileRef = 47701EC41BE2B51500FA3371 /* InfoBandBioCell.m */; };
		47701EC81BE3070300FA3371 /* LoginViewController.m in Sources */ = {isa = PBXBuildFile; fileRef = 47701EC71BE3070300FA3371 /* LoginViewController.m */; };
		47701ECF1BE5243300FA3371 /* SignUpViewController.m in Sources */ = {isa = PBXBuildFile; fileRef = 47701ECE1BE5243300FA3371 /* SignUpViewController.m */; };
		47701ED21BE554B800FA3371 /* InfoRankingVotesCell.m in Sources */ = {isa = PBXBuildFile; fileRef = 47701ED11BE554B800FA3371 /* InfoRankingVotesCell.m */; };
		47701ED51BE86C9000FA3371 /* FollowingTitleCell.m in Sources */ = {isa = PBXBuildFile; fileRef = 47701ED41BE86C9000FA3371 /* FollowingTitleCell.m */; };
		47701ED81BE86CC400FA3371 /* FollowingBandCell.m in Sources */ = {isa = PBXBuildFile; fileRef = 47701ED71BE86CC400FA3371 /* FollowingBandCell.m */; };
		47701EDA1BE983FF00FA3371 /* Main.storyboard in Resources */ = {isa = PBXBuildFile; fileRef = 47701ED91BE983FF00FA3371 /* Main.storyboard */; };
		47794C9B1BFD6B0F00AA0065 /* TabBarViewController.m in Sources */ = {isa = PBXBuildFile; fileRef = 47794C9A1BFD6B0F00AA0065 /* TabBarViewController.m */; };
		47889B5F1BF7A11C00D55AFF /* AWSS3.framework in Frameworks */ = {isa = PBXBuildFile; fileRef = 47889B5E1BF7A11C00D55AFF /* AWSS3.framework */; };
		47889B611BF7A13200D55AFF /* AWSCore.framework in Frameworks */ = {isa = PBXBuildFile; fileRef = 47889B601BF7A13200D55AFF /* AWSCore.framework */; };
		47889B631BF7A15700D55AFF /* libsqlite3.tbd in Frameworks */ = {isa = PBXBuildFile; fileRef = 47889B621BF7A15700D55AFF /* libsqlite3.tbd */; };
		47889B651BF7A16200D55AFF /* libz.tbd in Frameworks */ = {isa = PBXBuildFile; fileRef = 47889B641BF7A16200D55AFF /* libz.tbd */; };
		47889B671BF7A1E700D55AFF /* AWSCognito.framework in Frameworks */ = {isa = PBXBuildFile; fileRef = 47889B661BF7A1E700D55AFF /* AWSCognito.framework */; };
		47889B6A1BF7A29300D55AFF /* S3Manager.m in Sources */ = {isa = PBXBuildFile; fileRef = 47889B691BF7A29300D55AFF /* S3Manager.m */; };
		4798D5591BD9BF1F00B29346 /* main.m in Sources */ = {isa = PBXBuildFile; fileRef = 4798D5581BD9BF1F00B29346 /* main.m */; };
		4798D55C1BD9BF1F00B29346 /* AppDelegate.m in Sources */ = {isa = PBXBuildFile; fileRef = 4798D55B1BD9BF1F00B29346 /* AppDelegate.m */; };
		4798D5641BD9BF1F00B29346 /* Assets.xcassets in Resources */ = {isa = PBXBuildFile; fileRef = 4798D5631BD9BF1F00B29346 /* Assets.xcassets */; };
		4798D5721BD9BF1F00B29346 /* BattleOfTheBandsTests.m in Sources */ = {isa = PBXBuildFile; fileRef = 4798D5711BD9BF1F00B29346 /* BattleOfTheBandsTests.m */; };
		4798D57D1BD9BF1F00B29346 /* BattleOfTheBandsUITests.m in Sources */ = {isa = PBXBuildFile; fileRef = 4798D57C1BD9BF1F00B29346 /* BattleOfTheBandsUITests.m */; };
		4798D59A1BD9BF2D00B29346 /* ProfileController.m in Sources */ = {isa = PBXBuildFile; fileRef = 4798D58F1BD9BF2D00B29346 /* ProfileController.m */; };
		4798D59B1BD9BF2D00B29346 /* Songs.m in Sources */ = {isa = PBXBuildFile; fileRef = 4798D5911BD9BF2D00B29346 /* Songs.m */; };
		4798D59C1BD9BF2D00B29346 /* Top10TableViewCell.m in Sources */ = {isa = PBXBuildFile; fileRef = 4798D5931BD9BF2D00B29346 /* Top10TableViewCell.m */; };
		4798D59D1BD9BF2D00B29346 /* Top10TableViewController.m in Sources */ = {isa = PBXBuildFile; fileRef = 4798D5951BD9BF2D00B29346 /* Top10TableViewController.m */; };
		4798D5A11BD9BF4500B29346 /* BattleViewController.m in Sources */ = {isa = PBXBuildFile; fileRef = 4798D5A01BD9BF4500B29346 /* BattleViewController.m */; };
		4798D5A41BD9BF5800B29346 /* Profile.m in Sources */ = {isa = PBXBuildFile; fileRef = 4798D5A31BD9BF5800B29346 /* Profile.m */; };
		4798D5A71BD9BF8200B29346 /* LaunchScreen.storyboard in Resources */ = {isa = PBXBuildFile; fileRef = 4798D5A51BD9BF8100B29346 /* LaunchScreen.storyboard */; };
		4798D5AD1BD9C1BA00B29346 /* Firebase.framework in Frameworks */ = {isa = PBXBuildFile; fileRef = 4798D5AC1BD9C1BA00B29346 /* Firebase.framework */; };
		4798D5AF1BD9C47400B29346 /* SystemConfiguration.framework in Frameworks */ = {isa = PBXBuildFile; fileRef = 4798D5AE1BD9C47400B29346 /* SystemConfiguration.framework */; };
		4798D5B11BD9C47F00B29346 /* Security.framework in Frameworks */ = {isa = PBXBuildFile; fileRef = 4798D5B01BD9C47F00B29346 /* Security.framework */; };
		4798D5B31BD9C48A00B29346 /* CFNetwork.framework in Frameworks */ = {isa = PBXBuildFile; fileRef = 4798D5B21BD9C48A00B29346 /* CFNetwork.framework */; };
		4798D5B51BD9C49A00B29346 /* libc++.tbd in Frameworks */ = {isa = PBXBuildFile; fileRef = 4798D5B41BD9C49A00B29346 /* libc++.tbd */; };
		4798D5B71BD9C4A600B29346 /* libicucore.tbd in Frameworks */ = {isa = PBXBuildFile; fileRef = 4798D5B61BD9C4A600B29346 /* libicucore.tbd */; };
		4798D5BE1BD9C70B00B29346 /* FireBaseController.m in Sources */ = {isa = PBXBuildFile; fileRef = 4798D5BD1BD9C70B00B29346 /* FireBaseController.m */; };
		4798D5C11BD9DB5100B29346 /* SongsController.m in Sources */ = {isa = PBXBuildFile; fileRef = 4798D5C01BD9DB5100B29346 /* SongsController.m */; };
		4798D5C81BE15F7200B29346 /* ProfileTableViewController.m in Sources */ = {isa = PBXBuildFile; fileRef = 4798D5C71BE15F7200B29346 /* ProfileTableViewController.m */; };
		4798D5CB1BE15FBA00B29346 /* DetailTableViewController.m in Sources */ = {isa = PBXBuildFile; fileRef = 4798D5CA1BE15FBA00B29346 /* DetailTableViewController.m */; };
		4798D5CE1BE180C000B29346 /* PhotoCell.m in Sources */ = {isa = PBXBuildFile; fileRef = 4798D5CD1BE180C000B29346 /* PhotoCell.m */; };
		4798D5D11BE180EA00B29346 /* RankingVotesCell.m in Sources */ = {isa = PBXBuildFile; fileRef = 4798D5D01BE180EA00B29346 /* RankingVotesCell.m */; };
		47EF21891BFFE7FE00EF5186 /* soundController.m in Sources */ = {isa = PBXBuildFile; fileRef = 47EF21881BFFE7FE00EF5186 /* soundController.m */; };
		47EF218C1C000E7D00EF5186 /* DeleteProfileCell.m in Sources */ = {isa = PBXBuildFile; fileRef = 47EF218B1C000E7D00EF5186 /* DeleteProfileCell.m */; };
		47EF218F1C03B15200EF5186 /* ResetPasswordCell.m in Sources */ = {isa = PBXBuildFile; fileRef = 47EF218E1C03B15200EF5186 /* ResetPasswordCell.m */; };
		47EF21921C03E81100EF5186 /* AppearanceController.m in Sources */ = {isa = PBXBuildFile; fileRef = 47EF21911C03E81100EF5186 /* AppearanceController.m */; };
		47F585301BEBF412001453D9 /* StoreKit.framework in Frameworks */ = {isa = PBXBuildFile; fileRef = 47F5852F1BEBF412001453D9 /* StoreKit.framework */; };
/* End PBXBuildFile section */

/* Begin PBXContainerItemProxy section */
		4798D56E1BD9BF1F00B29346 /* PBXContainerItemProxy */ = {
			isa = PBXContainerItemProxy;
			containerPortal = 4798D54C1BD9BF1F00B29346 /* Project object */;
			proxyType = 1;
			remoteGlobalIDString = 4798D5531BD9BF1F00B29346;
			remoteInfo = BattleOfTheBands;
		};
		4798D5791BD9BF1F00B29346 /* PBXContainerItemProxy */ = {
			isa = PBXContainerItemProxy;
			containerPortal = 4798D54C1BD9BF1F00B29346 /* Project object */;
			proxyType = 1;
			remoteGlobalIDString = 4798D5531BD9BF1F00B29346;
			remoteInfo = BattleOfTheBands;
		};
/* End PBXContainerItemProxy section */

/* Begin PBXFileReference section */
		47701EB31BE2AC4500FA3371 /* TextFieldCell.h */ = {isa = PBXFileReference; fileEncoding = 4; lastKnownFileType = sourcecode.c.h; path = TextFieldCell.h; sourceTree = "<group>"; };
		47701EB41BE2AC4500FA3371 /* TextFieldCell.m */ = {isa = PBXFileReference; fileEncoding = 4; lastKnownFileType = sourcecode.c.objc; path = TextFieldCell.m; sourceTree = "<group>"; };
		47701EBA1BE2B36500FA3371 /* BandBioCell.h */ = {isa = PBXFileReference; fileEncoding = 4; lastKnownFileType = sourcecode.c.h; path = BandBioCell.h; sourceTree = "<group>"; };
		47701EBB1BE2B36500FA3371 /* BandBioCell.m */ = {isa = PBXFileReference; fileEncoding = 4; lastKnownFileType = sourcecode.c.objc; path = BandBioCell.m; sourceTree = "<group>"; };
		47701EBD1BE2B49A00FA3371 /* InfoPhotoCell.h */ = {isa = PBXFileReference; fileEncoding = 4; lastKnownFileType = sourcecode.c.h; name = InfoPhotoCell.h; path = ../InfoPhotoCell.h; sourceTree = "<group>"; };
		47701EBE1BE2B49A00FA3371 /* InfoPhotoCell.m */ = {isa = PBXFileReference; fileEncoding = 4; lastKnownFileType = sourcecode.c.objc; name = InfoPhotoCell.m; path = ../InfoPhotoCell.m; sourceTree = "<group>"; };
		47701EC01BE2B4E300FA3371 /* InfoTextCell.h */ = {isa = PBXFileReference; fileEncoding = 4; lastKnownFileType = sourcecode.c.h; name = InfoTextCell.h; path = ../InfoTextCell.h; sourceTree = "<group>"; };
		47701EC11BE2B4E300FA3371 /* InfoTextCell.m */ = {isa = PBXFileReference; fileEncoding = 4; lastKnownFileType = sourcecode.c.objc; name = InfoTextCell.m; path = ../InfoTextCell.m; sourceTree = "<group>"; };
		47701EC31BE2B51500FA3371 /* InfoBandBioCell.h */ = {isa = PBXFileReference; fileEncoding = 4; lastKnownFileType = sourcecode.c.h; name = InfoBandBioCell.h; path = ../InfoBandBioCell.h; sourceTree = "<group>"; };
		47701EC41BE2B51500FA3371 /* InfoBandBioCell.m */ = {isa = PBXFileReference; fileEncoding = 4; lastKnownFileType = sourcecode.c.objc; name = InfoBandBioCell.m; path = ../InfoBandBioCell.m; sourceTree = "<group>"; };
		47701EC61BE3070300FA3371 /* LoginViewController.h */ = {isa = PBXFileReference; fileEncoding = 4; lastKnownFileType = sourcecode.c.h; path = LoginViewController.h; sourceTree = "<group>"; };
		47701EC71BE3070300FA3371 /* LoginViewController.m */ = {isa = PBXFileReference; fileEncoding = 4; lastKnownFileType = sourcecode.c.objc; path = LoginViewController.m; sourceTree = "<group>"; };
		47701ECD1BE5243300FA3371 /* SignUpViewController.h */ = {isa = PBXFileReference; fileEncoding = 4; lastKnownFileType = sourcecode.c.h; path = SignUpViewController.h; sourceTree = "<group>"; };
		47701ECE1BE5243300FA3371 /* SignUpViewController.m */ = {isa = PBXFileReference; fileEncoding = 4; lastKnownFileType = sourcecode.c.objc; path = SignUpViewController.m; sourceTree = "<group>"; };
		47701ED01BE554B800FA3371 /* InfoRankingVotesCell.h */ = {isa = PBXFileReference; fileEncoding = 4; lastKnownFileType = sourcecode.c.h; path = InfoRankingVotesCell.h; sourceTree = "<group>"; };
		47701ED11BE554B800FA3371 /* InfoRankingVotesCell.m */ = {isa = PBXFileReference; fileEncoding = 4; lastKnownFileType = sourcecode.c.objc; path = InfoRankingVotesCell.m; sourceTree = "<group>"; };
		47701ED31BE86C9000FA3371 /* FollowingTitleCell.h */ = {isa = PBXFileReference; fileEncoding = 4; lastKnownFileType = sourcecode.c.h; path = FollowingTitleCell.h; sourceTree = "<group>"; };
		47701ED41BE86C9000FA3371 /* FollowingTitleCell.m */ = {isa = PBXFileReference; fileEncoding = 4; lastKnownFileType = sourcecode.c.objc; path = FollowingTitleCell.m; sourceTree = "<group>"; };
		47701ED61BE86CC400FA3371 /* FollowingBandCell.h */ = {isa = PBXFileReference; fileEncoding = 4; lastKnownFileType = sourcecode.c.h; path = FollowingBandCell.h; sourceTree = "<group>"; };
		47701ED71BE86CC400FA3371 /* FollowingBandCell.m */ = {isa = PBXFileReference; fileEncoding = 4; lastKnownFileType = sourcecode.c.objc; path = FollowingBandCell.m; sourceTree = "<group>"; };
		47701ED91BE983FF00FA3371 /* Main.storyboard */ = {isa = PBXFileReference; fileEncoding = 4; lastKnownFileType = file.storyboard; path = Main.storyboard; sourceTree = "<group>"; };
		47794C991BFD6B0F00AA0065 /* TabBarViewController.h */ = {isa = PBXFileReference; fileEncoding = 4; lastKnownFileType = sourcecode.c.h; path = TabBarViewController.h; sourceTree = "<group>"; };
		47794C9A1BFD6B0F00AA0065 /* TabBarViewController.m */ = {isa = PBXFileReference; fileEncoding = 4; lastKnownFileType = sourcecode.c.objc; path = TabBarViewController.m; sourceTree = "<group>"; };
		47889B5E1BF7A11C00D55AFF /* AWSS3.framework */ = {isa = PBXFileReference; lastKnownFileType = wrapper.framework; path = AWSS3.framework; sourceTree = "<group>"; };
		47889B601BF7A13200D55AFF /* AWSCore.framework */ = {isa = PBXFileReference; lastKnownFileType = wrapper.framework; path = AWSCore.framework; sourceTree = "<group>"; };
		47889B621BF7A15700D55AFF /* libsqlite3.tbd */ = {isa = PBXFileReference; lastKnownFileType = "sourcecode.text-based-dylib-definition"; name = libsqlite3.tbd; path = usr/lib/libsqlite3.tbd; sourceTree = SDKROOT; };
		47889B641BF7A16200D55AFF /* libz.tbd */ = {isa = PBXFileReference; lastKnownFileType = "sourcecode.text-based-dylib-definition"; name = libz.tbd; path = usr/lib/libz.tbd; sourceTree = SDKROOT; };
		47889B661BF7A1E700D55AFF /* AWSCognito.framework */ = {isa = PBXFileReference; lastKnownFileType = wrapper.framework; path = AWSCognito.framework; sourceTree = "<group>"; };
		47889B681BF7A29300D55AFF /* S3Manager.h */ = {isa = PBXFileReference; fileEncoding = 4; lastKnownFileType = sourcecode.c.h; path = S3Manager.h; sourceTree = "<group>"; };
		47889B691BF7A29300D55AFF /* S3Manager.m */ = {isa = PBXFileReference; fileEncoding = 4; lastKnownFileType = sourcecode.c.objc; path = S3Manager.m; sourceTree = "<group>"; };
		4798D5541BD9BF1F00B29346 /* BattleOfTheBands.app */ = {isa = PBXFileReference; explicitFileType = wrapper.application; includeInIndex = 0; path = BattleOfTheBands.app; sourceTree = BUILT_PRODUCTS_DIR; };
		4798D5581BD9BF1F00B29346 /* main.m */ = {isa = PBXFileReference; lastKnownFileType = sourcecode.c.objc; path = main.m; sourceTree = "<group>"; };
		4798D55A1BD9BF1F00B29346 /* AppDelegate.h */ = {isa = PBXFileReference; lastKnownFileType = sourcecode.c.h; path = AppDelegate.h; sourceTree = "<group>"; };
		4798D55B1BD9BF1F00B29346 /* AppDelegate.m */ = {isa = PBXFileReference; lastKnownFileType = sourcecode.c.objc; path = AppDelegate.m; sourceTree = "<group>"; };
		4798D5631BD9BF1F00B29346 /* Assets.xcassets */ = {isa = PBXFileReference; lastKnownFileType = folder.assetcatalog; path = Assets.xcassets; sourceTree = "<group>"; };
		4798D5681BD9BF1F00B29346 /* Info.plist */ = {isa = PBXFileReference; lastKnownFileType = text.plist.xml; path = Info.plist; sourceTree = "<group>"; };
		4798D56D1BD9BF1F00B29346 /* BattleOfTheBandsTests.xctest */ = {isa = PBXFileReference; explicitFileType = wrapper.cfbundle; includeInIndex = 0; path = BattleOfTheBandsTests.xctest; sourceTree = BUILT_PRODUCTS_DIR; };
		4798D5711BD9BF1F00B29346 /* BattleOfTheBandsTests.m */ = {isa = PBXFileReference; lastKnownFileType = sourcecode.c.objc; path = BattleOfTheBandsTests.m; sourceTree = "<group>"; };
		4798D5731BD9BF1F00B29346 /* Info.plist */ = {isa = PBXFileReference; lastKnownFileType = text.plist.xml; path = Info.plist; sourceTree = "<group>"; };
		4798D5781BD9BF1F00B29346 /* BattleOfTheBandsUITests.xctest */ = {isa = PBXFileReference; explicitFileType = wrapper.cfbundle; includeInIndex = 0; path = BattleOfTheBandsUITests.xctest; sourceTree = BUILT_PRODUCTS_DIR; };
		4798D57C1BD9BF1F00B29346 /* BattleOfTheBandsUITests.m */ = {isa = PBXFileReference; lastKnownFileType = sourcecode.c.objc; path = BattleOfTheBandsUITests.m; sourceTree = "<group>"; };
		4798D57E1BD9BF2000B29346 /* Info.plist */ = {isa = PBXFileReference; lastKnownFileType = text.plist.xml; path = Info.plist; sourceTree = "<group>"; };
		4798D58E1BD9BF2D00B29346 /* ProfileController.h */ = {isa = PBXFileReference; fileEncoding = 4; lastKnownFileType = sourcecode.c.h; path = ProfileController.h; sourceTree = "<group>"; };
		4798D58F1BD9BF2D00B29346 /* ProfileController.m */ = {isa = PBXFileReference; fileEncoding = 4; lastKnownFileType = sourcecode.c.objc; path = ProfileController.m; sourceTree = "<group>"; };
		4798D5901BD9BF2D00B29346 /* Songs.h */ = {isa = PBXFileReference; fileEncoding = 4; lastKnownFileType = sourcecode.c.h; path = Songs.h; sourceTree = "<group>"; };
		4798D5911BD9BF2D00B29346 /* Songs.m */ = {isa = PBXFileReference; fileEncoding = 4; lastKnownFileType = sourcecode.c.objc; path = Songs.m; sourceTree = "<group>"; };
		4798D5921BD9BF2D00B29346 /* Top10TableViewCell.h */ = {isa = PBXFileReference; fileEncoding = 4; lastKnownFileType = sourcecode.c.h; path = Top10TableViewCell.h; sourceTree = "<group>"; };
		4798D5931BD9BF2D00B29346 /* Top10TableViewCell.m */ = {isa = PBXFileReference; fileEncoding = 4; lastKnownFileType = sourcecode.c.objc; path = Top10TableViewCell.m; sourceTree = "<group>"; };
		4798D5941BD9BF2D00B29346 /* Top10TableViewController.h */ = {isa = PBXFileReference; fileEncoding = 4; lastKnownFileType = sourcecode.c.h; path = Top10TableViewController.h; sourceTree = "<group>"; };
		4798D5951BD9BF2D00B29346 /* Top10TableViewController.m */ = {isa = PBXFileReference; fileEncoding = 4; lastKnownFileType = sourcecode.c.objc; path = Top10TableViewController.m; sourceTree = "<group>"; };
		4798D59F1BD9BF4500B29346 /* BattleViewController.h */ = {isa = PBXFileReference; fileEncoding = 4; lastKnownFileType = sourcecode.c.h; path = BattleViewController.h; sourceTree = "<group>"; };
		4798D5A01BD9BF4500B29346 /* BattleViewController.m */ = {isa = PBXFileReference; fileEncoding = 4; lastKnownFileType = sourcecode.c.objc; path = BattleViewController.m; sourceTree = "<group>"; };
		4798D5A21BD9BF5800B29346 /* Profile.h */ = {isa = PBXFileReference; fileEncoding = 4; lastKnownFileType = sourcecode.c.h; path = Profile.h; sourceTree = "<group>"; };
		4798D5A31BD9BF5800B29346 /* Profile.m */ = {isa = PBXFileReference; fileEncoding = 4; lastKnownFileType = sourcecode.c.objc; path = Profile.m; sourceTree = "<group>"; };
		4798D5A51BD9BF8100B29346 /* LaunchScreen.storyboard */ = {isa = PBXFileReference; fileEncoding = 4; lastKnownFileType = file.storyboard; path = LaunchScreen.storyboard; sourceTree = "<group>"; };
		4798D5AC1BD9C1BA00B29346 /* Firebase.framework */ = {isa = PBXFileReference; lastKnownFileType = wrapper.framework; path = Firebase.framework; sourceTree = "<group>"; };
		4798D5AE1BD9C47400B29346 /* SystemConfiguration.framework */ = {isa = PBXFileReference; lastKnownFileType = wrapper.framework; name = SystemConfiguration.framework; path = System/Library/Frameworks/SystemConfiguration.framework; sourceTree = SDKROOT; };
		4798D5B01BD9C47F00B29346 /* Security.framework */ = {isa = PBXFileReference; lastKnownFileType = wrapper.framework; name = Security.framework; path = System/Library/Frameworks/Security.framework; sourceTree = SDKROOT; };
		4798D5B21BD9C48A00B29346 /* CFNetwork.framework */ = {isa = PBXFileReference; lastKnownFileType = wrapper.framework; name = CFNetwork.framework; path = System/Library/Frameworks/CFNetwork.framework; sourceTree = SDKROOT; };
		4798D5B41BD9C49A00B29346 /* libc++.tbd */ = {isa = PBXFileReference; lastKnownFileType = "sourcecode.text-based-dylib-definition"; name = "libc++.tbd"; path = "usr/lib/libc++.tbd"; sourceTree = SDKROOT; };
		4798D5B61BD9C4A600B29346 /* libicucore.tbd */ = {isa = PBXFileReference; lastKnownFileType = "sourcecode.text-based-dylib-definition"; name = libicucore.tbd; path = usr/lib/libicucore.tbd; sourceTree = SDKROOT; };
		4798D5BC1BD9C70B00B29346 /* FireBaseController.h */ = {isa = PBXFileReference; fileEncoding = 4; lastKnownFileType = sourcecode.c.h; path = FireBaseController.h; sourceTree = "<group>"; };
		4798D5BD1BD9C70B00B29346 /* FireBaseController.m */ = {isa = PBXFileReference; fileEncoding = 4; lastKnownFileType = sourcecode.c.objc; path = FireBaseController.m; sourceTree = "<group>"; };
		4798D5BF1BD9DB5100B29346 /* SongsController.h */ = {isa = PBXFileReference; fileEncoding = 4; lastKnownFileType = sourcecode.c.h; path = SongsController.h; sourceTree = "<group>"; };
		4798D5C01BD9DB5100B29346 /* SongsController.m */ = {isa = PBXFileReference; fileEncoding = 4; lastKnownFileType = sourcecode.c.objc; path = SongsController.m; sourceTree = "<group>"; };
		4798D5C61BE15F7200B29346 /* ProfileTableViewController.h */ = {isa = PBXFileReference; fileEncoding = 4; lastKnownFileType = sourcecode.c.h; path = ProfileTableViewController.h; sourceTree = "<group>"; };
		4798D5C71BE15F7200B29346 /* ProfileTableViewController.m */ = {isa = PBXFileReference; fileEncoding = 4; lastKnownFileType = sourcecode.c.objc; path = ProfileTableViewController.m; sourceTree = "<group>"; };
		4798D5C91BE15FBA00B29346 /* DetailTableViewController.h */ = {isa = PBXFileReference; fileEncoding = 4; lastKnownFileType = sourcecode.c.h; name = DetailTableViewController.h; path = ../DetailTableViewController.h; sourceTree = "<group>"; };
		4798D5CA1BE15FBA00B29346 /* DetailTableViewController.m */ = {isa = PBXFileReference; fileEncoding = 4; lastKnownFileType = sourcecode.c.objc; name = DetailTableViewController.m; path = ../DetailTableViewController.m; sourceTree = "<group>"; };
		4798D5CC1BE180C000B29346 /* PhotoCell.h */ = {isa = PBXFileReference; fileEncoding = 4; lastKnownFileType = sourcecode.c.h; path = PhotoCell.h; sourceTree = "<group>"; };
		4798D5CD1BE180C000B29346 /* PhotoCell.m */ = {isa = PBXFileReference; fileEncoding = 4; lastKnownFileType = sourcecode.c.objc; path = PhotoCell.m; sourceTree = "<group>"; };
		4798D5CF1BE180EA00B29346 /* RankingVotesCell.h */ = {isa = PBXFileReference; fileEncoding = 4; lastKnownFileType = sourcecode.c.h; path = RankingVotesCell.h; sourceTree = "<group>"; };
		4798D5D01BE180EA00B29346 /* RankingVotesCell.m */ = {isa = PBXFileReference; fileEncoding = 4; lastKnownFileType = sourcecode.c.objc; path = RankingVotesCell.m; sourceTree = "<group>"; };
		47EF21871BFFE7FE00EF5186 /* soundController.h */ = {isa = PBXFileReference; fileEncoding = 4; lastKnownFileType = sourcecode.c.h; path = soundController.h; sourceTree = "<group>"; };
		47EF21881BFFE7FE00EF5186 /* soundController.m */ = {isa = PBXFileReference; fileEncoding = 4; lastKnownFileType = sourcecode.c.objc; path = soundController.m; sourceTree = "<group>"; };
		47EF218A1C000E7D00EF5186 /* DeleteProfileCell.h */ = {isa = PBXFileReference; fileEncoding = 4; lastKnownFileType = sourcecode.c.h; path = DeleteProfileCell.h; sourceTree = "<group>"; };
		47EF218B1C000E7D00EF5186 /* DeleteProfileCell.m */ = {isa = PBXFileReference; fileEncoding = 4; lastKnownFileType = sourcecode.c.objc; path = DeleteProfileCell.m; sourceTree = "<group>"; };
		47EF218D1C03B15200EF5186 /* ResetPasswordCell.h */ = {isa = PBXFileReference; fileEncoding = 4; lastKnownFileType = sourcecode.c.h; path = ResetPasswordCell.h; sourceTree = "<group>"; };
		47EF218E1C03B15200EF5186 /* ResetPasswordCell.m */ = {isa = PBXFileReference; fileEncoding = 4; lastKnownFileType = sourcecode.c.objc; path = ResetPasswordCell.m; sourceTree = "<group>"; };
		47EF21901C03E81100EF5186 /* AppearanceController.h */ = {isa = PBXFileReference; fileEncoding = 4; lastKnownFileType = sourcecode.c.h; path = AppearanceController.h; sourceTree = "<group>"; };
		47EF21911C03E81100EF5186 /* AppearanceController.m */ = {isa = PBXFileReference; fileEncoding = 4; lastKnownFileType = sourcecode.c.objc; path = AppearanceController.m; sourceTree = "<group>"; };
		47F5852F1BEBF412001453D9 /* StoreKit.framework */ = {isa = PBXFileReference; lastKnownFileType = wrapper.framework; name = StoreKit.framework; path = System/Library/Frameworks/StoreKit.framework; sourceTree = SDKROOT; };
/* End PBXFileReference section */

/* Begin PBXFrameworksBuildPhase section */
		4798D5511BD9BF1F00B29346 /* Frameworks */ = {
			isa = PBXFrameworksBuildPhase;
			buildActionMask = 2147483647;
			files = (
				47889B651BF7A16200D55AFF /* libz.tbd in Frameworks */,
				47889B631BF7A15700D55AFF /* libsqlite3.tbd in Frameworks */,
				4798D5B71BD9C4A600B29346 /* libicucore.tbd in Frameworks */,
				47F585301BEBF412001453D9 /* StoreKit.framework in Frameworks */,
				4798D5B51BD9C49A00B29346 /* libc++.tbd in Frameworks */,
				4798D5B31BD9C48A00B29346 /* CFNetwork.framework in Frameworks */,
				47889B671BF7A1E700D55AFF /* AWSCognito.framework in Frameworks */,
				47889B5F1BF7A11C00D55AFF /* AWSS3.framework in Frameworks */,
				4798D5B11BD9C47F00B29346 /* Security.framework in Frameworks */,
				4798D5AF1BD9C47400B29346 /* SystemConfiguration.framework in Frameworks */,
				4798D5AD1BD9C1BA00B29346 /* Firebase.framework in Frameworks */,
				47889B611BF7A13200D55AFF /* AWSCore.framework in Frameworks */,
			);
			runOnlyForDeploymentPostprocessing = 0;
		};
		4798D56A1BD9BF1F00B29346 /* Frameworks */ = {
			isa = PBXFrameworksBuildPhase;
			buildActionMask = 2147483647;
			files = (
			);
			runOnlyForDeploymentPostprocessing = 0;
		};
		4798D5751BD9BF1F00B29346 /* Frameworks */ = {
			isa = PBXFrameworksBuildPhase;
			buildActionMask = 2147483647;
			files = (
			);
			runOnlyForDeploymentPostprocessing = 0;
		};
/* End PBXFrameworksBuildPhase section */

/* Begin PBXGroup section */
		47701EB61BE2AFA600FA3371 /* Info Cells */ = {
			isa = PBXGroup;
			children = (
				47701EBD1BE2B49A00FA3371 /* InfoPhotoCell.h */,
				47701EBE1BE2B49A00FA3371 /* InfoPhotoCell.m */,
				47701ED01BE554B800FA3371 /* InfoRankingVotesCell.h */,
				47701ED11BE554B800FA3371 /* InfoRankingVotesCell.m */,
				47701EC01BE2B4E300FA3371 /* InfoTextCell.h */,
				47701EC11BE2B4E300FA3371 /* InfoTextCell.m */,
				47701EC31BE2B51500FA3371 /* InfoBandBioCell.h */,
				47701EC41BE2B51500FA3371 /* InfoBandBioCell.m */,
			);
			name = "Info Cells";
			sourceTree = "<group>";
		};
		47701EC91BE4158E00FA3371 /* Cells */ = {
			isa = PBXGroup;
			children = (
				47701EB61BE2AFA600FA3371 /* Info Cells */,
				4798D5C51BE15C2700B29346 /* Profile Cells */,
				4798D5921BD9BF2D00B29346 /* Top10TableViewCell.h */,
				4798D5931BD9BF2D00B29346 /* Top10TableViewCell.m */,
			);
			name = Cells;
			sourceTree = "<group>";
		};
		4798D54B1BD9BF1F00B29346 = {
			isa = PBXGroup;
			children = (
				47889B641BF7A16200D55AFF /* libz.tbd */,
				47889B621BF7A15700D55AFF /* libsqlite3.tbd */,
				47F5852F1BEBF412001453D9 /* StoreKit.framework */,
				4798D5561BD9BF1F00B29346 /* BattleOfTheBands */,
				4798D5701BD9BF1F00B29346 /* BattleOfTheBandsTests */,
				4798D57B1BD9BF1F00B29346 /* BattleOfTheBandsUITests */,
				4798D5551BD9BF1F00B29346 /* Products */,
				47889B661BF7A1E700D55AFF /* AWSCognito.framework */,
				47889B601BF7A13200D55AFF /* AWSCore.framework */,
				47889B5E1BF7A11C00D55AFF /* AWSS3.framework */,
			);
			sourceTree = "<group>";
		};
		4798D5551BD9BF1F00B29346 /* Products */ = {
			isa = PBXGroup;
			children = (
				4798D5541BD9BF1F00B29346 /* BattleOfTheBands.app */,
				4798D56D1BD9BF1F00B29346 /* BattleOfTheBandsTests.xctest */,
				4798D5781BD9BF1F00B29346 /* BattleOfTheBandsUITests.xctest */,
			);
			name = Products;
			sourceTree = "<group>";
		};
		4798D5561BD9BF1F00B29346 /* BattleOfTheBands */ = {
			isa = PBXGroup;
			children = (
				4798D5BB1BD9C59300B29346 /* Model */,
				47701EC91BE4158E00FA3371 /* Cells */,
				4798D5BA1BD9C58600B29346 /* ViewControllers */,
				4798D5B91BD9C56A00B29346 /* Controller */,
				4798D55A1BD9BF1F00B29346 /* AppDelegate.h */,
				4798D55B1BD9BF1F00B29346 /* AppDelegate.m */,
				4798D5631BD9BF1F00B29346 /* Assets.xcassets */,
				47701ED91BE983FF00FA3371 /* Main.storyboard */,
				4798D5A51BD9BF8100B29346 /* LaunchScreen.storyboard */,
				4798D5681BD9BF1F00B29346 /* Info.plist */,
				4798D5B81BD9C55400B29346 /* Frameworks */,
				4798D5571BD9BF1F00B29346 /* Supporting Files */,
			);
			path = BattleOfTheBands;
			sourceTree = "<group>";
		};
		4798D5571BD9BF1F00B29346 /* Supporting Files */ = {
			isa = PBXGroup;
			children = (
				4798D5581BD9BF1F00B29346 /* main.m */,
			);
			name = "Supporting Files";
			sourceTree = "<group>";
		};
		4798D5701BD9BF1F00B29346 /* BattleOfTheBandsTests */ = {
			isa = PBXGroup;
			children = (
				4798D5711BD9BF1F00B29346 /* BattleOfTheBandsTests.m */,
				4798D5731BD9BF1F00B29346 /* Info.plist */,
			);
			path = BattleOfTheBandsTests;
			sourceTree = "<group>";
		};
		4798D57B1BD9BF1F00B29346 /* BattleOfTheBandsUITests */ = {
			isa = PBXGroup;
			children = (
				4798D57C1BD9BF1F00B29346 /* BattleOfTheBandsUITests.m */,
				4798D57E1BD9BF2000B29346 /* Info.plist */,
			);
			path = BattleOfTheBandsUITests;
			sourceTree = "<group>";
		};
		4798D5B81BD9C55400B29346 /* Frameworks */ = {
			isa = PBXGroup;
			children = (
				4798D5B61BD9C4A600B29346 /* libicucore.tbd */,
				4798D5B41BD9C49A00B29346 /* libc++.tbd */,
				4798D5B21BD9C48A00B29346 /* CFNetwork.framework */,
				4798D5B01BD9C47F00B29346 /* Security.framework */,
				4798D5AE1BD9C47400B29346 /* SystemConfiguration.framework */,
				4798D5AC1BD9C1BA00B29346 /* Firebase.framework */,
			);
			name = Frameworks;
			sourceTree = "<group>";
		};
		4798D5B91BD9C56A00B29346 /* Controller */ = {
			isa = PBXGroup;
			children = (
				47889B681BF7A29300D55AFF /* S3Manager.h */,
				47889B691BF7A29300D55AFF /* S3Manager.m */,
				4798D5BC1BD9C70B00B29346 /* FireBaseController.h */,
				4798D5BD1BD9C70B00B29346 /* FireBaseController.m */,
				4798D58E1BD9BF2D00B29346 /* ProfileController.h */,
				4798D58F1BD9BF2D00B29346 /* ProfileController.m */,
				47EF21871BFFE7FE00EF5186 /* soundController.h */,
				47EF21881BFFE7FE00EF5186 /* soundController.m */,
				4798D5BF1BD9DB5100B29346 /* SongsController.h */,
				4798D5C01BD9DB5100B29346 /* SongsController.m */,
			);
			name = Controller;
			sourceTree = "<group>";
		};
		4798D5BA1BD9C58600B29346 /* ViewControllers */ = {
			isa = PBXGroup;
			children = (
				47EF21901C03E81100EF5186 /* AppearanceController.h */,
				47EF21911C03E81100EF5186 /* AppearanceController.m */,
				47701EC61BE3070300FA3371 /* LoginViewController.h */,
				47701EC71BE3070300FA3371 /* LoginViewController.m */,
				47701ECD1BE5243300FA3371 /* SignUpViewController.h */,
				47701ECE1BE5243300FA3371 /* SignUpViewController.m */,
				4798D5941BD9BF2D00B29346 /* Top10TableViewController.h */,
				4798D5951BD9BF2D00B29346 /* Top10TableViewController.m */,
				4798D59F1BD9BF4500B29346 /* BattleViewController.h */,
				4798D5A01BD9BF4500B29346 /* BattleViewController.m */,
				4798D5C61BE15F7200B29346 /* ProfileTableViewController.h */,
				4798D5C71BE15F7200B29346 /* ProfileTableViewController.m */,
				4798D5C91BE15FBA00B29346 /* DetailTableViewController.h */,
				4798D5CA1BE15FBA00B29346 /* DetailTableViewController.m */,
				47794C991BFD6B0F00AA0065 /* TabBarViewController.h */,
				47794C9A1BFD6B0F00AA0065 /* TabBarViewController.m */,
			);
			name = ViewControllers;
			sourceTree = "<group>";
		};
		4798D5BB1BD9C59300B29346 /* Model */ = {
			isa = PBXGroup;
			children = (
				4798D5A21BD9BF5800B29346 /* Profile.h */,
				4798D5A31BD9BF5800B29346 /* Profile.m */,
				4798D5901BD9BF2D00B29346 /* Songs.h */,
				4798D5911BD9BF2D00B29346 /* Songs.m */,
			);
			name = Model;
			sourceTree = "<group>";
		};
		4798D5C51BE15C2700B29346 /* Profile Cells */ = {
			isa = PBXGroup;
			children = (
				4798D5CC1BE180C000B29346 /* PhotoCell.h */,
				4798D5CD1BE180C000B29346 /* PhotoCell.m */,
				4798D5CF1BE180EA00B29346 /* RankingVotesCell.h */,
				4798D5D01BE180EA00B29346 /* RankingVotesCell.m */,
				47701EB31BE2AC4500FA3371 /* TextFieldCell.h */,
				47701EB41BE2AC4500FA3371 /* TextFieldCell.m */,
				47701EBA1BE2B36500FA3371 /* BandBioCell.h */,
				47701EBB1BE2B36500FA3371 /* BandBioCell.m */,
				47701ED31BE86C9000FA3371 /* FollowingTitleCell.h */,
				47701ED41BE86C9000FA3371 /* FollowingTitleCell.m */,
				47701ED61BE86CC400FA3371 /* FollowingBandCell.h */,
				47701ED71BE86CC400FA3371 /* FollowingBandCell.m */,
				47EF218D1C03B15200EF5186 /* ResetPasswordCell.h */,
				47EF218E1C03B15200EF5186 /* ResetPasswordCell.m */,
				47EF218A1C000E7D00EF5186 /* DeleteProfileCell.h */,
				47EF218B1C000E7D00EF5186 /* DeleteProfileCell.m */,
			);
			name = "Profile Cells";
			sourceTree = "<group>";
		};
/* End PBXGroup section */

/* Begin PBXNativeTarget section */
		4798D5531BD9BF1F00B29346 /* BattleOfTheBands */ = {
			isa = PBXNativeTarget;
			buildConfigurationList = 4798D5811BD9BF2000B29346 /* Build configuration list for PBXNativeTarget "BattleOfTheBands" */;
			buildPhases = (
				4798D5501BD9BF1F00B29346 /* Sources */,
				4798D5511BD9BF1F00B29346 /* Frameworks */,
				4798D5521BD9BF1F00B29346 /* Resources */,
			);
			buildRules = (
			);
			dependencies = (
			);
			name = BattleOfTheBands;
			productName = BattleOfTheBands;
			productReference = 4798D5541BD9BF1F00B29346 /* BattleOfTheBands.app */;
			productType = "com.apple.product-type.application";
		};
		4798D56C1BD9BF1F00B29346 /* BattleOfTheBandsTests */ = {
			isa = PBXNativeTarget;
			buildConfigurationList = 4798D5841BD9BF2000B29346 /* Build configuration list for PBXNativeTarget "BattleOfTheBandsTests" */;
			buildPhases = (
				4798D5691BD9BF1F00B29346 /* Sources */,
				4798D56A1BD9BF1F00B29346 /* Frameworks */,
				4798D56B1BD9BF1F00B29346 /* Resources */,
			);
			buildRules = (
			);
			dependencies = (
				4798D56F1BD9BF1F00B29346 /* PBXTargetDependency */,
			);
			name = BattleOfTheBandsTests;
			productName = BattleOfTheBandsTests;
			productReference = 4798D56D1BD9BF1F00B29346 /* BattleOfTheBandsTests.xctest */;
			productType = "com.apple.product-type.bundle.unit-test";
		};
		4798D5771BD9BF1F00B29346 /* BattleOfTheBandsUITests */ = {
			isa = PBXNativeTarget;
			buildConfigurationList = 4798D5871BD9BF2000B29346 /* Build configuration list for PBXNativeTarget "BattleOfTheBandsUITests" */;
			buildPhases = (
				4798D5741BD9BF1F00B29346 /* Sources */,
				4798D5751BD9BF1F00B29346 /* Frameworks */,
				4798D5761BD9BF1F00B29346 /* Resources */,
			);
			buildRules = (
			);
			dependencies = (
				4798D57A1BD9BF1F00B29346 /* PBXTargetDependency */,
			);
			name = BattleOfTheBandsUITests;
			productName = BattleOfTheBandsUITests;
			productReference = 4798D5781BD9BF1F00B29346 /* BattleOfTheBandsUITests.xctest */;
			productType = "com.apple.product-type.bundle.ui-testing";
		};
/* End PBXNativeTarget section */

/* Begin PBXProject section */
		4798D54C1BD9BF1F00B29346 /* Project object */ = {
			isa = PBXProject;
			attributes = {
				LastUpgradeCheck = 0710;
				ORGANIZATIONNAME = "Brock Oberhansley";
				TargetAttributes = {
					4798D5531BD9BF1F00B29346 = {
						CreatedOnToolsVersion = 7.1;
						DevelopmentTeam = V9Z3VAP3WY;
						SystemCapabilities = {
							com.apple.InAppPurchase = {
								enabled = 1;
							};
						};
					};
					4798D56C1BD9BF1F00B29346 = {
						CreatedOnToolsVersion = 7.1;
						TestTargetID = 4798D5531BD9BF1F00B29346;
					};
					4798D5771BD9BF1F00B29346 = {
						CreatedOnToolsVersion = 7.1;
						TestTargetID = 4798D5531BD9BF1F00B29346;
					};
				};
			};
			buildConfigurationList = 4798D54F1BD9BF1F00B29346 /* Build configuration list for PBXProject "BattleOfTheBands" */;
			compatibilityVersion = "Xcode 3.2";
			developmentRegion = English;
			hasScannedForEncodings = 0;
			knownRegions = (
				en,
				Base,
			);
			mainGroup = 4798D54B1BD9BF1F00B29346;
			productRefGroup = 4798D5551BD9BF1F00B29346 /* Products */;
			projectDirPath = "";
			projectRoot = "";
			targets = (
				4798D5531BD9BF1F00B29346 /* BattleOfTheBands */,
				4798D56C1BD9BF1F00B29346 /* BattleOfTheBandsTests */,
				4798D5771BD9BF1F00B29346 /* BattleOfTheBandsUITests */,
			);
		};
/* End PBXProject section */

/* Begin PBXResourcesBuildPhase section */
		4798D5521BD9BF1F00B29346 /* Resources */ = {
			isa = PBXResourcesBuildPhase;
			buildActionMask = 2147483647;
			files = (
				4798D5A71BD9BF8200B29346 /* LaunchScreen.storyboard in Resources */,
				4798D5641BD9BF1F00B29346 /* Assets.xcassets in Resources */,
				47701EDA1BE983FF00FA3371 /* Main.storyboard in Resources */,
			);
			runOnlyForDeploymentPostprocessing = 0;
		};
		4798D56B1BD9BF1F00B29346 /* Resources */ = {
			isa = PBXResourcesBuildPhase;
			buildActionMask = 2147483647;
			files = (
			);
			runOnlyForDeploymentPostprocessing = 0;
		};
		4798D5761BD9BF1F00B29346 /* Resources */ = {
			isa = PBXResourcesBuildPhase;
			buildActionMask = 2147483647;
			files = (
			);
			runOnlyForDeploymentPostprocessing = 0;
		};
/* End PBXResourcesBuildPhase section */

/* Begin PBXSourcesBuildPhase section */
		4798D5501BD9BF1F00B29346 /* Sources */ = {
			isa = PBXSourcesBuildPhase;
			buildActionMask = 2147483647;
			files = (
				47701EBC1BE2B36500FA3371 /* BandBioCell.m in Sources */,
				47EF21921C03E81100EF5186 /* AppearanceController.m in Sources */,
				47701EB51BE2AC4500FA3371 /* TextFieldCell.m in Sources */,
				47EF218C1C000E7D00EF5186 /* DeleteProfileCell.m in Sources */,
				47794C9B1BFD6B0F00AA0065 /* TabBarViewController.m in Sources */,
				47701EC51BE2B51600FA3371 /* InfoBandBioCell.m in Sources */,
				4798D5BE1BD9C70B00B29346 /* FireBaseController.m in Sources */,
				47701ED81BE86CC400FA3371 /* FollowingBandCell.m in Sources */,
				4798D59D1BD9BF2D00B29346 /* Top10TableViewController.m in Sources */,
				4798D5CB1BE15FBA00B29346 /* DetailTableViewController.m in Sources */,
				47701EBF1BE2B49A00FA3371 /* InfoPhotoCell.m in Sources */,
				47701EC21BE2B4E300FA3371 /* InfoTextCell.m in Sources */,
				4798D55C1BD9BF1F00B29346 /* AppDelegate.m in Sources */,
				4798D5591BD9BF1F00B29346 /* main.m in Sources */,
				47EF218F1C03B15200EF5186 /* ResetPasswordCell.m in Sources */,
				47EF21891BFFE7FE00EF5186 /* soundController.m in Sources */,
				47701ED21BE554B800FA3371 /* InfoRankingVotesCell.m in Sources */,
				47701EC81BE3070300FA3371 /* LoginViewController.m in Sources */,
				47889B6A1BF7A29300D55AFF /* S3Manager.m in Sources */,
				4798D5A11BD9BF4500B29346 /* BattleViewController.m in Sources */,
				4798D5D11BE180EA00B29346 /* RankingVotesCell.m in Sources */,
				4798D59A1BD9BF2D00B29346 /* ProfileController.m in Sources */,
				4798D5A41BD9BF5800B29346 /* Profile.m in Sources */,
				4798D59C1BD9BF2D00B29346 /* Top10TableViewCell.m in Sources */,
				4798D5C81BE15F7200B29346 /* ProfileTableViewController.m in Sources */,
				47701ED51BE86C9000FA3371 /* FollowingTitleCell.m in Sources */,
				4798D5CE1BE180C000B29346 /* PhotoCell.m in Sources */,
				4798D5C11BD9DB5100B29346 /* SongsController.m in Sources */,
				47701ECF1BE5243300FA3371 /* SignUpViewController.m in Sources */,
				4798D59B1BD9BF2D00B29346 /* Songs.m in Sources */,
			);
			runOnlyForDeploymentPostprocessing = 0;
		};
		4798D5691BD9BF1F00B29346 /* Sources */ = {
			isa = PBXSourcesBuildPhase;
			buildActionMask = 2147483647;
			files = (
				4798D5721BD9BF1F00B29346 /* BattleOfTheBandsTests.m in Sources */,
			);
			runOnlyForDeploymentPostprocessing = 0;
		};
		4798D5741BD9BF1F00B29346 /* Sources */ = {
			isa = PBXSourcesBuildPhase;
			buildActionMask = 2147483647;
			files = (
				4798D57D1BD9BF1F00B29346 /* BattleOfTheBandsUITests.m in Sources */,
			);
			runOnlyForDeploymentPostprocessing = 0;
		};
/* End PBXSourcesBuildPhase section */

/* Begin PBXTargetDependency section */
		4798D56F1BD9BF1F00B29346 /* PBXTargetDependency */ = {
			isa = PBXTargetDependency;
			target = 4798D5531BD9BF1F00B29346 /* BattleOfTheBands */;
			targetProxy = 4798D56E1BD9BF1F00B29346 /* PBXContainerItemProxy */;
		};
		4798D57A1BD9BF1F00B29346 /* PBXTargetDependency */ = {
			isa = PBXTargetDependency;
			target = 4798D5531BD9BF1F00B29346 /* BattleOfTheBands */;
			targetProxy = 4798D5791BD9BF1F00B29346 /* PBXContainerItemProxy */;
		};
/* End PBXTargetDependency section */

/* Begin XCBuildConfiguration section */
		4798D57F1BD9BF2000B29346 /* Debug */ = {
			isa = XCBuildConfiguration;
			buildSettings = {
				ALWAYS_SEARCH_USER_PATHS = NO;
				CLANG_CXX_LANGUAGE_STANDARD = "gnu++0x";
				CLANG_CXX_LIBRARY = "libc++";
				CLANG_ENABLE_MODULES = YES;
				CLANG_ENABLE_OBJC_ARC = YES;
				CLANG_WARN_BOOL_CONVERSION = YES;
				CLANG_WARN_CONSTANT_CONVERSION = YES;
				CLANG_WARN_DIRECT_OBJC_ISA_USAGE = YES_ERROR;
				CLANG_WARN_EMPTY_BODY = YES;
				CLANG_WARN_ENUM_CONVERSION = YES;
				CLANG_WARN_INT_CONVERSION = YES;
				CLANG_WARN_OBJC_ROOT_CLASS = YES_ERROR;
				CLANG_WARN_UNREACHABLE_CODE = YES;
				CLANG_WARN__DUPLICATE_METHOD_MATCH = YES;
				"CODE_SIGN_IDENTITY[sdk=iphoneos*]" = "iPhone Developer";
				COPY_PHASE_STRIP = NO;
				DEBUG_INFORMATION_FORMAT = dwarf;
				ENABLE_STRICT_OBJC_MSGSEND = YES;
				ENABLE_TESTABILITY = YES;
				GCC_C_LANGUAGE_STANDARD = gnu99;
				GCC_DYNAMIC_NO_PIC = NO;
				GCC_NO_COMMON_BLOCKS = YES;
				GCC_OPTIMIZATION_LEVEL = 0;
				GCC_PREPROCESSOR_DEFINITIONS = (
					"DEBUG=1",
					"$(inherited)",
				);
				GCC_WARN_64_TO_32_BIT_CONVERSION = YES;
				GCC_WARN_ABOUT_RETURN_TYPE = YES_ERROR;
				GCC_WARN_UNDECLARED_SELECTOR = YES;
				GCC_WARN_UNINITIALIZED_AUTOS = YES_AGGRESSIVE;
				GCC_WARN_UNUSED_FUNCTION = YES;
				GCC_WARN_UNUSED_VARIABLE = YES;
				IPHONEOS_DEPLOYMENT_TARGET = 9.1;
				MTL_ENABLE_DEBUG_INFO = YES;
				ONLY_ACTIVE_ARCH = YES;
				SDKROOT = iphoneos;
				TARGETED_DEVICE_FAMILY = "1,2";
			};
			name = Debug;
		};
		4798D5801BD9BF2000B29346 /* Release */ = {
			isa = XCBuildConfiguration;
			buildSettings = {
				ALWAYS_SEARCH_USER_PATHS = NO;
				CLANG_CXX_LANGUAGE_STANDARD = "gnu++0x";
				CLANG_CXX_LIBRARY = "libc++";
				CLANG_ENABLE_MODULES = YES;
				CLANG_ENABLE_OBJC_ARC = YES;
				CLANG_WARN_BOOL_CONVERSION = YES;
				CLANG_WARN_CONSTANT_CONVERSION = YES;
				CLANG_WARN_DIRECT_OBJC_ISA_USAGE = YES_ERROR;
				CLANG_WARN_EMPTY_BODY = YES;
				CLANG_WARN_ENUM_CONVERSION = YES;
				CLANG_WARN_INT_CONVERSION = YES;
				CLANG_WARN_OBJC_ROOT_CLASS = YES_ERROR;
				CLANG_WARN_UNREACHABLE_CODE = YES;
				CLANG_WARN__DUPLICATE_METHOD_MATCH = YES;
				"CODE_SIGN_IDENTITY[sdk=iphoneos*]" = "iPhone Developer";
				COPY_PHASE_STRIP = NO;
				DEBUG_INFORMATION_FORMAT = "dwarf-with-dsym";
				ENABLE_NS_ASSERTIONS = NO;
				ENABLE_STRICT_OBJC_MSGSEND = YES;
				GCC_C_LANGUAGE_STANDARD = gnu99;
				GCC_NO_COMMON_BLOCKS = YES;
				GCC_WARN_64_TO_32_BIT_CONVERSION = YES;
				GCC_WARN_ABOUT_RETURN_TYPE = YES_ERROR;
				GCC_WARN_UNDECLARED_SELECTOR = YES;
				GCC_WARN_UNINITIALIZED_AUTOS = YES_AGGRESSIVE;
				GCC_WARN_UNUSED_FUNCTION = YES;
				GCC_WARN_UNUSED_VARIABLE = YES;
				IPHONEOS_DEPLOYMENT_TARGET = 9.1;
				MTL_ENABLE_DEBUG_INFO = NO;
				SDKROOT = iphoneos;
				TARGETED_DEVICE_FAMILY = "1,2";
				VALIDATE_PRODUCT = YES;
			};
			name = Release;
		};
		4798D5821BD9BF2000B29346 /* Debug */ = {
			isa = XCBuildConfiguration;
			buildSettings = {
				ASSETCATALOG_COMPILER_APPICON_NAME = AppIcon;
				CODE_SIGN_IDENTITY = "iPhone Developer";
				ENABLE_BITCODE = NO;
				FRAMEWORK_SEARCH_PATHS = (
					"$(inherited)",
					"$(PROJECT_DIR)/BattleOfTheBands",
					"$(PROJECT_DIR)",
				);
				INFOPLIST_FILE = BattleOfTheBands/Info.plist;
				LD_RUNPATH_SEARCH_PATHS = "$(inherited) @executable_path/Frameworks";
				PRODUCT_BUNDLE_IDENTIFIER = com.brockoberhansley.BattleOfTheBands;
				PRODUCT_NAME = "$(TARGET_NAME)";
			};
			name = Debug;
		};
		4798D5831BD9BF2000B29346 /* Release */ = {
			isa = XCBuildConfiguration;
			buildSettings = {
				ASSETCATALOG_COMPILER_APPICON_NAME = AppIcon;
				CODE_SIGN_IDENTITY = "iPhone Developer";
				ENABLE_BITCODE = NO;
				FRAMEWORK_SEARCH_PATHS = (
					"$(inherited)",
					"$(PROJECT_DIR)/BattleOfTheBands",
					"$(PROJECT_DIR)",
				);
				INFOPLIST_FILE = BattleOfTheBands/Info.plist;
				LD_RUNPATH_SEARCH_PATHS = "$(inherited) @executable_path/Frameworks";
				PRODUCT_BUNDLE_IDENTIFIER = com.brockoberhansley.BattleOfTheBands;
				PRODUCT_NAME = "$(TARGET_NAME)";
			};
			name = Release;
		};
		4798D5851BD9BF2000B29346 /* Debug */ = {
			isa = XCBuildConfiguration;
			buildSettings = {
				BUNDLE_LOADER = "$(TEST_HOST)";
				INFOPLIST_FILE = BattleOfTheBandsTests/Info.plist;
				LD_RUNPATH_SEARCH_PATHS = "$(inherited) @executable_path/Frameworks @loader_path/Frameworks";
				PRODUCT_BUNDLE_IDENTIFIER = com.brockoberhansley.BattleOfTheBandsTests;
				PRODUCT_NAME = "$(TARGET_NAME)";
				TEST_HOST = "$(BUILT_PRODUCTS_DIR)/BattleOfTheBands.app/BattleOfTheBands";
			};
			name = Debug;
		};
		4798D5861BD9BF2000B29346 /* Release */ = {
			isa = XCBuildConfiguration;
			buildSettings = {
				BUNDLE_LOADER = "$(TEST_HOST)";
				INFOPLIST_FILE = BattleOfTheBandsTests/Info.plist;
				LD_RUNPATH_SEARCH_PATHS = "$(inherited) @executable_path/Frameworks @loader_path/Frameworks";
				PRODUCT_BUNDLE_IDENTIFIER = com.brockoberhansley.BattleOfTheBandsTests;
				PRODUCT_NAME = "$(TARGET_NAME)";
				TEST_HOST = "$(BUILT_PRODUCTS_DIR)/BattleOfTheBands.app/BattleOfTheBands";
			};
			name = Release;
		};
		4798D5881BD9BF2000B29346 /* Debug */ = {
			isa = XCBuildConfiguration;
			buildSettings = {
				INFOPLIST_FILE = BattleOfTheBandsUITests/Info.plist;
				LD_RUNPATH_SEARCH_PATHS = "$(inherited) @executable_path/Frameworks @loader_path/Frameworks";
				PRODUCT_BUNDLE_IDENTIFIER = com.brockoberhansley.BattleOfTheBandsUITests;
				PRODUCT_NAME = "$(TARGET_NAME)";
				TEST_TARGET_NAME = BattleOfTheBands;
				USES_XCTRUNNER = YES;
			};
			name = Debug;
		};
		4798D5891BD9BF2000B29346 /* Release */ = {
			isa = XCBuildConfiguration;
			buildSettings = {
				INFOPLIST_FILE = BattleOfTheBandsUITests/Info.plist;
				LD_RUNPATH_SEARCH_PATHS = "$(inherited) @executable_path/Frameworks @loader_path/Frameworks";
				PRODUCT_BUNDLE_IDENTIFIER = com.brockoberhansley.BattleOfTheBandsUITests;
				PRODUCT_NAME = "$(TARGET_NAME)";
				TEST_TARGET_NAME = BattleOfTheBands;
				USES_XCTRUNNER = YES;
			};
			name = Release;
		};
/* End XCBuildConfiguration section */

/* Begin XCConfigurationList section */
		4798D54F1BD9BF1F00B29346 /* Build configuration list for PBXProject "BattleOfTheBands" */ = {
			isa = XCConfigurationList;
			buildConfigurations = (
				4798D57F1BD9BF2000B29346 /* Debug */,
				4798D5801BD9BF2000B29346 /* Release */,
			);
			defaultConfigurationIsVisible = 0;
			defaultConfigurationName = Release;
		};
		4798D5811BD9BF2000B29346 /* Build configuration list for PBXNativeTarget "BattleOfTheBands" */ = {
			isa = XCConfigurationList;
			buildConfigurations = (
				4798D5821BD9BF2000B29346 /* Debug */,
				4798D5831BD9BF2000B29346 /* Release */,
			);
			defaultConfigurationIsVisible = 0;
			defaultConfigurationName = Release;
		};
		4798D5841BD9BF2000B29346 /* Build configuration list for PBXNativeTarget "BattleOfTheBandsTests" */ = {
			isa = XCConfigurationList;
			buildConfigurations = (
				4798D5851BD9BF2000B29346 /* Debug */,
				4798D5861BD9BF2000B29346 /* Release */,
			);
			defaultConfigurationIsVisible = 0;
			defaultConfigurationName = Release;
		};
		4798D5871BD9BF2000B29346 /* Build configuration list for PBXNativeTarget "BattleOfTheBandsUITests" */ = {
			isa = XCConfigurationList;
			buildConfigurations = (
				4798D5881BD9BF2000B29346 /* Debug */,
				4798D5891BD9BF2000B29346 /* Release */,
			);
			defaultConfigurationIsVisible = 0;
			defaultConfigurationName = Release;
		};
/* End XCConfigurationList section */
	};
	rootObject = 4798D54C1BD9BF1F00B29346 /* Project object */;
}
